Microsoft Visual Studio Solution File, Format Version 12.00
# Visual Studio Version 17
VisualStudioVersion = 17.13.36105.23
MinimumVisualStudioVersion = 10.0.40219.1
Project("{FAE04EC0-301F-11D3-BF4B-00C04F79EFBC}") = "Entities", "Entities.csproj", "{D99398C0-7EC1-4E38-A2A6-AC62936852B4}"
EndProject
Project("{FAE04EC0-301F-11D3-BF4B-00C04F79EFBC}") = "Program", "..\Program\Program.csproj", "{545E5798-E6CE-4A0E-9AB9-8E7DBFC2FB02}"
EndProject
Global
	GlobalSection(SolutionConfigurationPlatforms) = preSolution
		Debug|Any CPU = Debug|Any CPU
		Release|Any CPU = Release|Any CPU
	EndGlobalSection
	GlobalSection(ProjectConfigurationPlatforms) = postSolution
		{D99398C0-7EC1-4E38-A2A6-AC62936852B4}.Debug|Any CPU.ActiveCfg = Debug|Any CPU
		{D99398C0-7EC1-4E38-A2A6-AC62936852B4}.Debug|Any CPU.Build.0 = Debug|Any CPU
		{D99398C0-7EC1-4E38-A2A6-AC62936852B4}.Release|Any CPU.ActiveCfg = Release|Any CPU
		{D99398C0-7EC1-4E38-A2A6-AC62936852B4}.Release|Any CPU.Build.0 = Release|Any CPU
		{545E5798-E6CE-4A0E-9AB9-8E7DBFC2FB02}.Debug|Any CPU.ActiveCfg = Debug|Any CPU
		{545E5798-E6CE-4A0E-9AB9-8E7DBFC2FB02}.Debug|Any CPU.Build.0 = Debug|Any CPU
		{545E5798-E6CE-4A0E-9AB9-8E7DBFC2FB02}.Release|Any CPU.ActiveCfg = Release|Any CPU
		{545E5798-E6CE-4A0E-9AB9-8E7DBFC2FB02}.Release|Any CPU.Build.0 = Release|Any CPU
	EndGlobalSection
	GlobalSection(SolutionProperties) = preSolution
		HideSolutionNode = FALSE
	EndGlobalSection
	GlobalSection(ExtensibilityGlobals) = postSolution
		SolutionGuid = {4EDF6446-F0F6-4C46-835E-76D178F42451}
	EndGlobalSection
EndGlobal
