
Microsoft Visual Studio Solution File, Format Version 12.00
# Visual Studio Version 17
VisualStudioVersion = 17.13.36105.23 d17.13
MinimumVisualStudioVersion = 10.0.40219.1
Project("{FAE04EC0-301F-11D3-BF4B-00C04F79EFBC}") = "Map of classes", "Map of classes.csproj", "{8EA78C32-58AE-40A5-BCDB-DEB62C7D2AB6}"
EndProject
Global
	GlobalSection(SolutionConfigurationPlatforms) = preSolution
		Debug|Any CPU = Debug|Any CPU
		Release|Any CPU = Release|Any CPU
	EndGlobalSection
	GlobalSection(ProjectConfigurationPlatforms) = postSolution
		{8EA78C32-58AE-40A5-BCDB-DEB62C7D2AB6}.Debug|Any CPU.ActiveCfg = Debug|Any CPU
		{8EA78C32-58AE-40A5-BCDB-DEB62C7D2AB6}.Debug|Any CPU.Build.0 = Debug|Any CPU
		{8EA78C32-58AE-40A5-BCDB-DEB62C7D2AB6}.Release|Any CPU.ActiveCfg = Release|Any CPU
		{8EA78C32-58AE-40A5-BCDB-DEB62C7D2AB6}.Release|Any CPU.Build.0 = Release|Any CPU
	EndGlobalSection
	GlobalSection(SolutionProperties) = preSolution
		HideSolutionNode = FALSE
	EndGlobalSection
	GlobalSection(ExtensibilityGlobals) = postSolution
		SolutionGuid = {C1EA7D5E-217A-4BAD-BB72-54C72C22C553}
	EndGlobalSection
EndGlobal
